
Microsoft Visual Studio Solution File, Format Version 12.00
# Visual Studio Version 17
VisualStudioVersion = 17.14.35806.103
MinimumVisualStudioVersion = 10.0.40219.1
Project("{FAE04EC0-301F-11D3-BF4B-00C04F79EFBC}") = "Notes-Back-CS", "Notes-Back-CS.csproj", "{109C5C68-194F-481D-A8FC-373F03CF27B2}"
EndProject
Project("{FAE04EC0-301F-11D3-BF4B-00C04F79EFBC}") = "Notes-Back-CS.Tests", "Notes-Back-CS.Tests\Notes-Back-CS.Tests.csproj", "{CBC7208D-17EF-C270-CAB4-E90C55EA0FFC}"
EndProject
Global
	GlobalSection(SolutionConfigurationPlatforms) = preSolution
		Debug|Any CPU = Debug|Any CPU
		Release|Any CPU = Release|Any CPU
	EndGlobalSection
	GlobalSection(ProjectConfigurationPlatforms) = postSolution
		{109C5C68-194F-481D-A8FC-373F03CF27B2}.Debug|Any CPU.ActiveCfg = Debug|Any CPU
		{109C5C68-194F-481D-A8FC-373F03CF27B2}.Debug|Any CPU.Build.0 = Debug|Any CPU
		{109C5C68-194F-481D-A8FC-373F03CF27B2}.Release|Any CPU.ActiveCfg = Release|Any CPU
		{109C5C68-194F-481D-A8FC-373F03CF27B2}.Release|Any CPU.Build.0 = Release|Any CPU
		{CBC7208D-17EF-C270-CAB4-E90C55EA0FFC}.Debug|Any CPU.ActiveCfg = Debug|Any CPU
		{CBC7208D-17EF-C270-CAB4-E90C55EA0FFC}.Debug|Any CPU.Build.0 = Debug|Any CPU
		{CBC7208D-17EF-C270-CAB4-E90C55EA0FFC}.Release|Any CPU.ActiveCfg = Release|Any CPU
		{CBC7208D-17EF-C270-CAB4-E90C55EA0FFC}.Release|Any CPU.Build.0 = Release|Any CPU
	EndGlobalSection
	GlobalSection(SolutionProperties) = preSolution
		HideSolutionNode = FALSE
	EndGlobalSection
	GlobalSection(ExtensibilityGlobals) = postSolution
		SolutionGuid = {04EAF824-BF99-4853-B9FA-02631A79A228}
	EndGlobalSection
EndGlobal
